
Microsoft Visual Studio Solution File, Format Version 12.00
# Visual Studio Version 17
VisualStudioVersion = 17.0.32014.148
MinimumVisualStudioVersion = 10.0.40219.1
Project("{2150E333-8FDC-42A3-9474-1A3956D46DE8}") = "MicroServices", "MicroServices", "{17A5DE4D-8FB6-4C38-8EAB-ABF3FB1A506C}"
EndProject
Project("{2150E333-8FDC-42A3-9474-1A3956D46DE8}") = "VendorService", "VendorService", "{C0352113-121B-4454-9246-4E61F5674F93}"
EndProject
Project("{9A19103F-16F7-4668-BE54-9A1E7A4F7556}") = "AtoVen.API", "MicroServices\VendorService\AtoVen.API\AtoVen.API.csproj", "{9C5680BC-8623-4659-A177-0CCBF775BE6F}"
EndProject
Project("{2150E333-8FDC-42A3-9474-1A3956D46DE8}") = "EmailService", "EmailService", "{64081A08-FF6C-4B09-A5CD-B7A751769583}"
EndProject
Project("{FAE04EC0-301F-11D3-BF4B-00C04F79EFBC}") = "EmailSendService", "MicroServices\EmailSender\EmailSendService.csproj", "{156E33B1-5D06-4A66-AE44-1AFD4BFF59DB}"
EndProject
Project("{2150E333-8FDC-42A3-9474-1A3956D46DE8}") = "ValidationService", "ValidationService", "{22B118B2-04AD-42D5-AF89-BDC59BAFFB91}"
EndProject
Project("{FAE04EC0-301F-11D3-BF4B-00C04F79EFBC}") = "ValidationLibrary", "MicroServices\ValidationService\ValidationLibrary\ValidationLibrary.csproj", "{61BC1F95-5D2A-400C-8814-DA406E5D3098}"
EndProject
Global
	GlobalSection(SolutionConfigurationPlatforms) = preSolution
		Debug|Any CPU = Debug|Any CPU
		Release|Any CPU = Release|Any CPU
	EndGlobalSection
	GlobalSection(ProjectConfigurationPlatforms) = postSolution
		{9C5680BC-8623-4659-A177-0CCBF775BE6F}.Debug|Any CPU.ActiveCfg = Debug|Any CPU
		{9C5680BC-8623-4659-A177-0CCBF775BE6F}.Debug|Any CPU.Build.0 = Debug|Any CPU
		{9C5680BC-8623-4659-A177-0CCBF775BE6F}.Release|Any CPU.ActiveCfg = Release|Any CPU
		{9C5680BC-8623-4659-A177-0CCBF775BE6F}.Release|Any CPU.Build.0 = Release|Any CPU
		{156E33B1-5D06-4A66-AE44-1AFD4BFF59DB}.Debug|Any CPU.ActiveCfg = Debug|Any CPU
		{156E33B1-5D06-4A66-AE44-1AFD4BFF59DB}.Debug|Any CPU.Build.0 = Debug|Any CPU
		{156E33B1-5D06-4A66-AE44-1AFD4BFF59DB}.Release|Any CPU.ActiveCfg = Release|Any CPU
		{156E33B1-5D06-4A66-AE44-1AFD4BFF59DB}.Release|Any CPU.Build.0 = Release|Any CPU
		{61BC1F95-5D2A-400C-8814-DA406E5D3098}.Debug|Any CPU.ActiveCfg = Debug|Any CPU
		{61BC1F95-5D2A-400C-8814-DA406E5D3098}.Debug|Any CPU.Build.0 = Debug|Any CPU
		{61BC1F95-5D2A-400C-8814-DA406E5D3098}.Release|Any CPU.ActiveCfg = Release|Any CPU
		{61BC1F95-5D2A-400C-8814-DA406E5D3098}.Release|Any CPU.Build.0 = Release|Any CPU
	EndGlobalSection
	GlobalSection(SolutionProperties) = preSolution
		HideSolutionNode = FALSE
	EndGlobalSection
	GlobalSection(NestedProjects) = preSolution
		{C0352113-121B-4454-9246-4E61F5674F93} = {17A5DE4D-8FB6-4C38-8EAB-ABF3FB1A506C}
		{9C5680BC-8623-4659-A177-0CCBF775BE6F} = {C0352113-121B-4454-9246-4E61F5674F93}
		{64081A08-FF6C-4B09-A5CD-B7A751769583} = {17A5DE4D-8FB6-4C38-8EAB-ABF3FB1A506C}
		{156E33B1-5D06-4A66-AE44-1AFD4BFF59DB} = {64081A08-FF6C-4B09-A5CD-B7A751769583}
		{22B118B2-04AD-42D5-AF89-BDC59BAFFB91} = {17A5DE4D-8FB6-4C38-8EAB-ABF3FB1A506C}
		{61BC1F95-5D2A-400C-8814-DA406E5D3098} = {22B118B2-04AD-42D5-AF89-BDC59BAFFB91}
	EndGlobalSection
	GlobalSection(ExtensibilityGlobals) = postSolution
		SolutionGuid = {3872FEC4-E575-4D21-BA4E-89599AB4EDBD}
	EndGlobalSection
EndGlobal
